<?xml version="1.0" encoding="utf-8"?>
<Project DefaultTargets="Build" ToolsVersion="4.0" xmlns="http://schemas.microsoft.com/developer/msbuild/2003">
  <ItemGroup>
    <Filter Include="源文件">
      <UniqueIdentifier>{41a0dbd2-9971-465e-9f9e-8d7711ba3c66}</UniqueIdentifier>
      <Extensions>cpp;c;cc;cxx;def;odl;idl;hpj;bat;asm;asmx</Extensions>
    </Filter>
    <Filter Include="头文件">
      <UniqueIdentifier>{a53096c8-2c66-4144-bc7b-d7917fb402db}</UniqueIdentifier>
      <Extensions>h;hpp;hxx;hm;inl;inc;xsd</Extensions>
    </Filter>
    <Filter Include="项目说明">
      <UniqueIdentifier>{45070d99-12ba-4de1-9894-753db7973c13}</UniqueIdentifier>
      <Extensions>txt</Extensions>
    </Filter>
    <Filter Include="源文件\USER">
      <UniqueIdentifier>{ee147140-8a26-4cb6-8ae3-3969029c4f1c}</UniqueIdentifier>
    </Filter>
    <Filter Include="源文件\CORE">
      <UniqueIdentifier>{c870efbd-cf6c-4cf2-9153-0a2d18c39d6e}</UniqueIdentifier>
    </Filter>
    <Filter Include="源文件\FWLIB">
      <UniqueIdentifier>{bca0ae8c-00bb-48d6-8b20-10c4ce4c6504}</UniqueIdentifier>
    </Filter>
    <Filter Include="源文件\SYSTEM">
      <UniqueIdentifier>{979b15e8-5ecc-4489-aad6-1045619f6515}</UniqueIdentifier>
    </Filter>
    <Filter Include="源文件\README">
      <UniqueIdentifier>{db3d8d02-9ef7-41d1-8f69-f7cb8b914b0f}</UniqueIdentifier>
    </Filter>
  </ItemGroup>
  <ItemGroup>
    <ClCompile Include="..\USER\main.c">
      <Filter>源文件\USER</Filter>
    </ClCompile>
    <ClCompile Include="..\USER\stm32f4xx_it.c">
      <Filter>源文件\USER</Filter>
    </ClCompile>
    <ClCompile Include="..\USER\system_stm32f4xx.c">
      <Filter>源文件\USER</Filter>
    </ClCompile>
    <ClCompile Include="..\FWLIB\src\misc.c">
      <Filter>源文件\FWLIB</Filter>
    </ClCompile>
    <ClCompile Include="..\FWLIB\src\stm32f4xx_adc.c">
      <Filter>源文件\FWLIB</Filter>
    </ClCompile>
    <ClCompile Include="..\FWLIB\src\stm32f4xx_can.c">
      <Filter>源文件\FWLIB</Filter>
    </ClCompile>
    <ClCompile Include="..\FWLIB\src\stm32f4xx_crc.c">
      <Filter>源文件\FWLIB</Filter>
    </ClCompile>
    <ClCompile Include="..\FWLIB\src\stm32f4xx_cryp.c">
      <Filter>源文件\FWLIB</Filter>
    </ClCompile>
    <ClCompile Include="..\FWLIB\src\stm32f4xx_cryp_aes.c">
      <Filter>源文件\FWLIB</Filter>
    </ClCompile>
    <ClCompile Include="..\FWLIB\src\stm32f4xx_cryp_des.c">
      <Filter>源文件\FWLIB</Filter>
    </ClCompile>
    <ClCompile Include="..\FWLIB\src\stm32f4xx_cryp_tdes.c">
      <Filter>源文件\FWLIB</Filter>
    </ClCompile>
    <ClCompile Include="..\FWLIB\src\stm32f4xx_dac.c">
      <Filter>源文件\FWLIB</Filter>
    </ClCompile>
    <ClCompile Include="..\FWLIB\src\stm32f4xx_dbgmcu.c">
      <Filter>源文件\FWLIB</Filter>
    </ClCompile>
    <ClCompile Include="..\FWLIB\src\stm32f4xx_dcmi.c">
      <Filter>源文件\FWLIB</Filter>
    </ClCompile>
    <ClCompile Include="..\FWLIB\src\stm32f4xx_dma2d.c">
      <Filter>源文件\FWLIB</Filter>
    </ClCompile>
    <ClCompile Include="..\FWLIB\src\stm32f4xx_dma.c">
      <Filter>源文件\FWLIB</Filter>
    </ClCompile>
    <ClCompile Include="..\FWLIB\src\stm32f4xx_exti.c">
      <Filter>源文件\FWLIB</Filter>
    </ClCompile>
    <ClCompile Include="..\FWLIB\src\stm32f4xx_flash.c">
      <Filter>源文件\FWLIB</Filter>
    </ClCompile>
    <ClCompile Include="..\FWLIB\src\stm32f4xx_flash_ramfunc.c">
      <Filter>源文件\FWLIB</Filter>
    </ClCompile>
    <ClCompile Include="..\FWLIB\src\stm32f4xx_fsmc.c">
      <Filter>源文件\FWLIB</Filter>
    </ClCompile>
    <ClCompile Include="..\FWLIB\src\stm32f4xx_gpio.c">
      <Filter>源文件\FWLIB</Filter>
    </ClCompile>
    <ClCompile Include="..\FWLIB\src\stm32f4xx_hash.c">
      <Filter>源文件\FWLIB</Filter>
    </ClCompile>
    <ClCompile Include="..\FWLIB\src\stm32f4xx_hash_md5.c">
      <Filter>源文件\FWLIB</Filter>
    </ClCompile>
    <ClCompile Include="..\FWLIB\src\stm32f4xx_hash_sha1.c">
      <Filter>源文件\FWLIB</Filter>
    </ClCompile>
    <ClCompile Include="..\FWLIB\src\stm32f4xx_i2c.c">
      <Filter>源文件\FWLIB</Filter>
    </ClCompile>
    <ClCompile Include="..\FWLIB\src\stm32f4xx_iwdg.c">
      <Filter>源文件\FWLIB</Filter>
    </ClCompile>
    <ClCompile Include="..\FWLIB\src\stm32f4xx_ltdc.c">
      <Filter>源文件\FWLIB</Filter>
    </ClCompile>
    <ClCompile Include="..\FWLIB\src\stm32f4xx_pwr.c">
      <Filter>源文件\FWLIB</Filter>
    </ClCompile>
    <ClCompile Include="..\FWLIB\src\stm32f4xx_rcc.c">
      <Filter>源文件\FWLIB</Filter>
    </ClCompile>
    <ClCompile Include="..\FWLIB\src\stm32f4xx_rng.c">
      <Filter>源文件\FWLIB</Filter>
    </ClCompile>
    <ClCompile Include="..\FWLIB\src\stm32f4xx_rtc.c">
      <Filter>源文件\FWLIB</Filter>
    </ClCompile>
    <ClCompile Include="..\FWLIB\src\stm32f4xx_sai.c">
      <Filter>源文件\FWLIB</Filter>
    </ClCompile>
    <ClCompile Include="..\FWLIB\src\stm32f4xx_sdio.c">
      <Filter>源文件\FWLIB</Filter>
    </ClCompile>
    <ClCompile Include="..\FWLIB\src\stm32f4xx_spi.c">
      <Filter>源文件\FWLIB</Filter>
    </ClCompile>
    <ClCompile Include="..\FWLIB\src\stm32f4xx_syscfg.c">
      <Filter>源文件\FWLIB</Filter>
    </ClCompile>
    <ClCompile Include="..\FWLIB\src\stm32f4xx_tim.c">
      <Filter>源文件\FWLIB</Filter>
    </ClCompile>
    <ClCompile Include="..\FWLIB\src\stm32f4xx_usart.c">
      <Filter>源文件\FWLIB</Filter>
    </ClCompile>
    <ClCompile Include="..\FWLIB\src\stm32f4xx_wwdg.c">
      <Filter>源文件\FWLIB</Filter>
    </ClCompile>
    <ClCompile Include="..\SYSTEM\delay\delay.c">
      <Filter>源文件\SYSTEM</Filter>
    </ClCompile>
    <ClCompile Include="..\SYSTEM\sys\sys.c">
      <Filter>源文件\SYSTEM</Filter>
    </ClCompile>
    <ClCompile Include="..\SYSTEM\usart\usart.c">
      <Filter>源文件\SYSTEM</Filter>
    </ClCompile>
  </ItemGroup>
  <ItemGroup>
    <None Include="..\CORE\startup_stm32f40_41xxx.s">
      <Filter>源文件\CORE</Filter>
    </None>
    <None Include="..\README\README.txt">
      <Filter>源文件\README</Filter>
    </None>
    <None Include="Readme.txt">
      <Filter>项目说明\</Filter>
    </None>
  </ItemGroup>
</Project>